
Microsoft Visual Studio Solution File, Format Version 12.00
# Visual Studio Version 17
VisualStudioVersion = 17.12.35728.132
MinimumVisualStudioVersion = 10.0.40219.1
Project("{FAE04EC0-301F-11D3-BF4B-00C04F79EFBC}") = "App", "App\App.csproj", "{5D158629-1323-497E-91B5-332CF053418B}"
EndProject
Project("{FAE04EC0-301F-11D3-BF4B-00C04F79EFBC}") = "API", "API\API.csproj", "{40EF8097-390E-472E-8911-B85B5DE845C5}"
EndProject
Project("{FAE04EC0-301F-11D3-BF4B-00C04F79EFBC}") = "Test", "Test\Test.csproj", "{9A04262B-CA19-4159-B706-F9EE8E63618D}"
EndProject
Project("{2150E333-8FDC-42A3-9474-1A3956D46DE8}") = "Solution Items", "Solution Items", "{D82D1598-E283-4540-B75A-D33637DEF07D}"
	ProjectSection(SolutionItems) = preProject
		Dockerfile = Dockerfile
		entrypoint.ps1 = entrypoint.ps1
		global.json = global.json
		LapVision.Docker.slnf = LapVision.Docker.slnf
		..\..\..\Downloads\README.md = ..\..\..\Downloads\README.md
	EndProjectSection
EndProject
Project("{FAE04EC0-301F-11D3-BF4B-00C04F79EFBC}") = "Contracts", "Contracts\Contracts.csproj", "{8D819584-4EC2-52ED-CD78-AA7BA4C26214}"
EndProject
Project("{FAE04EC0-301F-11D3-BF4B-00C04F79EFBC}") = "Infrastructure", "Infrastructure\Infrastructure.csproj", "{5872AEB3-BAA3-FE31-B0EB-0FB6DBEDCF83}"
EndProject
Project("{FAE04EC0-301F-11D3-BF4B-00C04F79EFBC}") = "Model", "Model\Model.csproj", "{B4923625-668A-95CB-F92E-EAD08FFFA065}"
EndProject
Project("{FAE04EC0-301F-11D3-BF4B-00C04F79EFBC}") = "CoachWeb", "CoachWeb\CoachWeb.csproj", "{472EB642-68A1-4BF4-9CD0-A57AA326F927}"
EndProject
Project("{FAE04EC0-301F-11D3-BF4B-00C04F79EFBC}") = "Application", "Application\Application.csproj", "{7E8EA08E-A29F-4505-95EE-A432A53421D5}"
EndProject
Global
	GlobalSection(SolutionConfigurationPlatforms) = preSolution
		Debug|Any CPU = Debug|Any CPU
		Release|Any CPU = Release|Any CPU
	EndGlobalSection
	GlobalSection(ProjectConfigurationPlatforms) = postSolution
		{5D158629-1323-497E-91B5-332CF053418B}.Debug|Any CPU.ActiveCfg = Debug|Any CPU
		{5D158629-1323-497E-91B5-332CF053418B}.Debug|Any CPU.Build.0 = Debug|Any CPU
		{5D158629-1323-497E-91B5-332CF053418B}.Debug|Any CPU.Deploy.0 = Debug|Any CPU
		{5D158629-1323-497E-91B5-332CF053418B}.Release|Any CPU.ActiveCfg = Release|Any CPU
		{5D158629-1323-497E-91B5-332CF053418B}.Release|Any CPU.Build.0 = Release|Any CPU
		{5D158629-1323-497E-91B5-332CF053418B}.Release|Any CPU.Deploy.0 = Release|Any CPU
		{40EF8097-390E-472E-8911-B85B5DE845C5}.Debug|Any CPU.ActiveCfg = Debug|Any CPU
		{40EF8097-390E-472E-8911-B85B5DE845C5}.Debug|Any CPU.Build.0 = Debug|Any CPU
		{40EF8097-390E-472E-8911-B85B5DE845C5}.Release|Any CPU.ActiveCfg = Release|Any CPU
		{40EF8097-390E-472E-8911-B85B5DE845C5}.Release|Any CPU.Build.0 = Release|Any CPU
		{9A04262B-CA19-4159-B706-F9EE8E63618D}.Debug|Any CPU.ActiveCfg = Debug|Any CPU
		{9A04262B-CA19-4159-B706-F9EE8E63618D}.Debug|Any CPU.Build.0 = Debug|Any CPU
		{9A04262B-CA19-4159-B706-F9EE8E63618D}.Release|Any CPU.ActiveCfg = Release|Any CPU
		{9A04262B-CA19-4159-B706-F9EE8E63618D}.Release|Any CPU.Build.0 = Release|Any CPU
		{8D819584-4EC2-52ED-CD78-AA7BA4C26214}.Debug|Any CPU.ActiveCfg = Debug|Any CPU
		{8D819584-4EC2-52ED-CD78-AA7BA4C26214}.Debug|Any CPU.Build.0 = Debug|Any CPU
		{8D819584-4EC2-52ED-CD78-AA7BA4C26214}.Release|Any CPU.ActiveCfg = Release|Any CPU
		{8D819584-4EC2-52ED-CD78-AA7BA4C26214}.Release|Any CPU.Build.0 = Release|Any CPU
		{5872AEB3-BAA3-FE31-B0EB-0FB6DBEDCF83}.Debug|Any CPU.ActiveCfg = Debug|Any CPU
		{5872AEB3-BAA3-FE31-B0EB-0FB6DBEDCF83}.Debug|Any CPU.Build.0 = Debug|Any CPU
		{5872AEB3-BAA3-FE31-B0EB-0FB6DBEDCF83}.Release|Any CPU.ActiveCfg = Release|Any CPU
		{5872AEB3-BAA3-FE31-B0EB-0FB6DBEDCF83}.Release|Any CPU.Build.0 = Release|Any CPU
		{B4923625-668A-95CB-F92E-EAD08FFFA065}.Debug|Any CPU.ActiveCfg = Debug|Any CPU
		{B4923625-668A-95CB-F92E-EAD08FFFA065}.Debug|Any CPU.Build.0 = Debug|Any CPU
		{B4923625-668A-95CB-F92E-EAD08FFFA065}.Release|Any CPU.ActiveCfg = Release|Any CPU
		{B4923625-668A-95CB-F92E-EAD08FFFA065}.Release|Any CPU.Build.0 = Release|Any CPU
		{472EB642-68A1-4BF4-9CD0-A57AA326F927}.Debug|Any CPU.ActiveCfg = Debug|Any CPU
		{472EB642-68A1-4BF4-9CD0-A57AA326F927}.Debug|Any CPU.Build.0 = Debug|Any CPU
		{472EB642-68A1-4BF4-9CD0-A57AA326F927}.Release|Any CPU.ActiveCfg = Release|Any CPU
		{472EB642-68A1-4BF4-9CD0-A57AA326F927}.Release|Any CPU.Build.0 = Release|Any CPU
		{7E8EA08E-A29F-4505-95EE-A432A53421D5}.Debug|Any CPU.ActiveCfg = Debug|Any CPU
		{7E8EA08E-A29F-4505-95EE-A432A53421D5}.Debug|Any CPU.Build.0 = Debug|Any CPU
		{7E8EA08E-A29F-4505-95EE-A432A53421D5}.Release|Any CPU.ActiveCfg = Release|Any CPU
		{7E8EA08E-A29F-4505-95EE-A432A53421D5}.Release|Any CPU.Build.0 = Release|Any CPU
	EndGlobalSection
	GlobalSection(SolutionProperties) = preSolution
		HideSolutionNode = FALSE
	EndGlobalSection
	GlobalSection(ExtensibilityGlobals) = postSolution
		SolutionGuid = {D0E8169B-61D2-415B-B146-AB4D42D9ED27}
	EndGlobalSection
EndGlobal
